// !$*UTF8*$!
{
	archiveVersion = 1;
	classes = {
	};
	objectVersion = 50;
	objects = {

/* Begin PBXBuildFile section */
		98F9475923FA096F0084E6CF /* AppDelegate.swift in Sources */ = {isa = PBXBuildFile; fileRef = 98F9475823FA096F0084E6CF /* AppDelegate.swift */; };
		98F9475B23FA096F0084E6CF /* ViewController.swift in Sources */ = {isa = PBXBuildFile; fileRef = 98F9475A23FA096F0084E6CF /* ViewController.swift */; };
		98F9475E23FA096F0084E6CF /* Main.storyboard in Resources */ = {isa = PBXBuildFile; fileRef = 98F9475C23FA096F0084E6CF /* Main.storyboard */; };
		98F9476023FA09700084E6CF /* Assets.xcassets in Resources */ = {isa = PBXBuildFile; fileRef = 98F9475F23FA09700084E6CF /* Assets.xcassets */; };
		98F9476323FA09700084E6CF /* LaunchScreen.storyboard in Resources */ = {isa = PBXBuildFile; fileRef = 98F9476123FA09700084E6CF /* LaunchScreen.storyboard */; };
		98F9476E23FA09710084E6CF /* Flashcard2Tests.swift in Sources */ = {isa = PBXBuildFile; fileRef = 98F9476D23FA09710084E6CF /* Flashcard2Tests.swift */; };
		98F9477923FA09710084E6CF /* Flashcard2UITests.swift in Sources */ = {isa = PBXBuildFile; fileRef = 98F9477823FA09710084E6CF /* Flashcard2UITests.swift */; };
/* End PBXBuildFile section */

/* Begin PBXContainerItemProxy section */
		98F9476A23FA09710084E6CF /* PBXContainerItemProxy */ = {
			isa = PBXContainerItemProxy;
			containerPortal = 98F9474D23FA096F0084E6CF /* Project object */;
			proxyType = 1;
			remoteGlobalIDString = 98F9475423FA096F0084E6CF;
			remoteInfo = Flashcard2;
		};
		98F9477523FA09710084E6CF /* PBXContainerItemProxy */ = {
			isa = PBXContainerItemProxy;
			containerPortal = 98F9474D23FA096F0084E6CF /* Project object */;
			proxyType = 1;
			remoteGlobalIDString = 98F9475423FA096F0084E6CF;
			remoteInfo = Flashcard2;
		};
/* End PBXContainerItemProxy section */

/* Begin PBXFileReference section */
		98F9475523FA096F0084E6CF /* Flashcard2.app */ = {isa = PBXFileReference; explicitFileType = wrapper.application; includeInIndex = 0; path = Flashcard2.app; sourceTree = BUILT_PRODUCTS_DIR; };
		98F9475823FA096F0084E6CF /* AppDelegate.swift */ = {isa = PBXFileReference; lastKnownFileType = sourcecode.swift; path = AppDelegate.swift; sourceTree = "<group>"; };
		98F9475A23FA096F0084E6CF /* ViewController.swift */ = {isa = PBXFileReference; lastKnownFileType = sourcecode.swift; path = ViewController.swift; sourceTree = "<group>"; };
		98F9475D23FA096F0084E6CF /* Base */ = {isa = PBXFileReference; lastKnownFileType = file.storyboard; name = Base; path = Base.lproj/Main.storyboard; sourceTree = "<group>"; };
		98F9475F23FA09700084E6CF /* Assets.xcassets */ = {isa = PBXFileReference; lastKnownFileType = folder.assetcatalog; path = Assets.xcassets; sourceTree = "<group>"; };
		98F9476223FA09700084E6CF /* Base */ = {isa = PBXFileReference; lastKnownFileType = file.storyboard; name = Base; path = Base.lproj/LaunchScreen.storyboard; sourceTree = "<group>"; };
		98F9476423FA09700084E6CF /* Info.plist */ = {isa = PBXFileReference; lastKnownFileType = text.plist.xml; path = Info.plist; sourceTree = "<group>"; };
		98F9476923FA09710084E6CF /* Flashcard2Tests.xctest */ = {isa = PBXFileReference; explicitFileType = wrapper.cfbundle; includeInIndex = 0; path = Flashcard2Tests.xctest; sourceTree = BUILT_PRODUCTS_DIR; };
		98F9476D23FA09710084E6CF /* Flashcard2Tests.swift */ = {isa = PBXFileReference; lastKnownFileType = sourcecode.swift; path = Flashcard2Tests.swift; sourceTree = "<group>"; };
		98F9476F23FA09710084E6CF /* Info.plist */ = {isa = PBXFileReference; lastKnownFileType = text.plist.xml; path = Info.plist; sourceTree = "<group>"; };
		98F9477423FA09710084E6CF /* Flashcard2UITests.xctest */ = {isa = PBXFileReference; explicitFileType = wrapper.cfbundle; includeInIndex = 0; path = Flashcard2UITests.xctest; sourceTree = BUILT_PRODUCTS_DIR; };
		98F9477823FA09710084E6CF /* Flashcard2UITests.swift */ = {isa = PBXFileReference; lastKnownFileType = sourcecode.swift; path = Flashcard2UITests.swift; sourceTree = "<group>"; };
		98F9477A23FA09710084E6CF /* Info.plist */ = {isa = PBXFileReference; lastKnownFileType = text.plist.xml; path = Info.plist; sourceTree = "<group>"; };
/* End PBXFileReference section */

/* Begin PBXFrameworksBuildPhase section */
		98F9475223FA096F0084E6CF /* Frameworks */ = {
			isa = PBXFrameworksBuildPhase;
			buildActionMask = 2147483647;
			files = (
			);
			runOnlyForDeploymentPostprocessing = 0;
		};
		98F9476623FA09710084E6CF /* Frameworks */ = {
			isa = PBXFrameworksBuildPhase;
			buildActionMask = 2147483647;
			files = (
			);
			runOnlyForDeploymentPostprocessing = 0;
		};
		98F9477123FA09710084E6CF /* Frameworks */ = {
			isa = PBXFrameworksBuildPhase;
			buildActionMask = 2147483647;
			files = (
			);
			runOnlyForDeploymentPostprocessing = 0;
		};
/* End PBXFrameworksBuildPhase section */

/* Begin PBXGroup section */
		98F9474C23FA096F0084E6CF = {
			isa = PBXGroup;
			children = (
				98F9475723FA096F0084E6CF /* Flashcard2 */,
				98F9476C23FA09710084E6CF /* Flashcard2Tests */,
				98F9477723FA09710084E6CF /* Flashcard2UITests */,
				98F9475623FA096F0084E6CF /* Products */,
			);
			sourceTree = "<group>";
		};
		98F9475623FA096F0084E6CF /* Products */ = {
			isa = PBXGroup;
			children = (
				98F9475523FA096F0084E6CF /* Flashcard2.app */,
				98F9476923FA09710084E6CF /* Flashcard2Tests.xctest */,
				98F9477423FA09710084E6CF /* Flashcard2UITests.xctest */,
			);
			name = Products;
			sourceTree = "<group>";
		};
		98F9475723FA096F0084E6CF /* Flashcard2 */ = {
			isa = PBXGroup;
			children = (
				98F9475823FA096F0084E6CF /* AppDelegate.swift */,
				98F9475A23FA096F0084E6CF /* ViewController.swift */,
				98F9475C23FA096F0084E6CF /* Main.storyboard */,
				98F9475F23FA09700084E6CF /* Assets.xcassets */,
				98F9476123FA09700084E6CF /* LaunchScreen.storyboard */,
				98F9476423FA09700084E6CF /* Info.plist */,
			);
			path = Flashcard2;
			sourceTree = "<group>";
		};
		98F9476C23FA09710084E6CF /* Flashcard2Tests */ = {
			isa = PBXGroup;
			children = (
				98F9476D23FA09710084E6CF /* Flashcard2Tests.swift */,
				98F9476F23FA09710084E6CF /* Info.plist */,
			);
			path = Flashcard2Tests;
			sourceTree = "<group>";
		};
		98F9477723FA09710084E6CF /* Flashcard2UITests */ = {
			isa = PBXGroup;
			children = (
				98F9477823FA09710084E6CF /* Flashcard2UITests.swift */,
				98F9477A23FA09710084E6CF /* Info.plist */,
			);
			path = Flashcard2UITests;
			sourceTree = "<group>";
		};
/* End PBXGroup section */

/* Begin PBXNativeTarget section */
		98F9475423FA096F0084E6CF /* Flashcard2 */ = {
			isa = PBXNativeTarget;
			buildConfigurationList = 98F9477D23FA09710084E6CF /* Build configuration list for PBXNativeTarget "Flashcard2" */;
			buildPhases = (
				98F9475123FA096F0084E6CF /* Sources */,
				98F9475223FA096F0084E6CF /* Frameworks */,
				98F9475323FA096F0084E6CF /* Resources */,
			);
			buildRules = (
			);
			dependencies = (
			);
			name = Flashcard2;
			productName = Flashcard2;
			productReference = 98F9475523FA096F0084E6CF /* Flashcard2.app */;
			productType = "com.apple.product-type.application";
		};
		98F9476823FA09710084E6CF /* Flashcard2Tests */ = {
			isa = PBXNativeTarget;
			buildConfigurationList = 98F9478023FA09710084E6CF /* Build configuration list for PBXNativeTarget "Flashcard2Tests" */;
			buildPhases = (
				98F9476523FA09710084E6CF /* Sources */,
				98F9476623FA09710084E6CF /* Frameworks */,
				98F9476723FA09710084E6CF /* Resources */,
			);
			buildRules = (
			);
			dependencies = (
				98F9476B23FA09710084E6CF /* PBXTargetDependency */,
			);
			name = Flashcard2Tests;
			productName = Flashcard2Tests;
			productReference = 98F9476923FA09710084E6CF /* Flashcard2Tests.xctest */;
			productType = "com.apple.product-type.bundle.unit-test";
		};
		98F9477323FA09710084E6CF /* Flashcard2UITests */ = {
			isa = PBXNativeTarget;
			buildConfigurationList = 98F9478323FA09710084E6CF /* Build configuration list for PBXNativeTarget "Flashcard2UITests" */;
			buildPhases = (
				98F9477023FA09710084E6CF /* Sources */,
				98F9477123FA09710084E6CF /* Frameworks */,
				98F9477223FA09710084E6CF /* Resources */,
			);
			buildRules = (
			);
			dependencies = (
				98F9477623FA09710084E6CF /* PBXTargetDependency */,
			);
			name = Flashcard2UITests;
			productName = Flashcard2UITests;
			productReference = 98F9477423FA09710084E6CF /* Flashcard2UITests.xctest */;
			productType = "com.apple.product-type.bundle.ui-testing";
		};
/* End PBXNativeTarget section */

/* Begin PBXProject section */
		98F9474D23FA096F0084E6CF /* Project object */ = {
			isa = PBXProject;
			attributes = {
				LastSwiftUpdateCheck = 1010;
				LastUpgradeCheck = 1010;
				ORGANIZATIONNAME = "Logan Gillespie";
				TargetAttributes = {
					98F9475423FA096F0084E6CF = {
						CreatedOnToolsVersion = 10.1;
					};
					98F9476823FA09710084E6CF = {
						CreatedOnToolsVersion = 10.1;
						TestTargetID = 98F9475423FA096F0084E6CF;
					};
					98F9477323FA09710084E6CF = {
						CreatedOnToolsVersion = 10.1;
						TestTargetID = 98F9475423FA096F0084E6CF;
					};
				};
			};
			buildConfigurationList = 98F9475023FA096F0084E6CF /* Build configuration list for PBXProject "Flashcard2" */;
			compatibilityVersion = "Xcode 9.3";
			developmentRegion = en;
			hasScannedForEncodings = 0;
			knownRegions = (
				en,
				Base,
			);
			mainGroup = 98F9474C23FA096F0084E6CF;
			productRefGroup = 98F9475623FA096F0084E6CF /* Products */;
			projectDirPath = "";
			projectRoot = "";
			targets = (
				98F9475423FA096F0084E6CF /* Flashcard2 */,
				98F9476823FA09710084E6CF /* Flashcard2Tests */,
				98F9477323FA09710084E6CF /* Flashcard2UITests */,
			);
		};
/* End PBXProject section */

/* Begin PBXResourcesBuildPhase section */
		98F9475323FA096F0084E6CF /* Resources */ = {
			isa = PBXResourcesBuildPhase;
			buildActionMask = 2147483647;
			files = (
				98F9476323FA09700084E6CF /* LaunchScreen.storyboard in Resources */,
				98F9476023FA09700084E6CF /* Assets.xcassets in Resources */,
				98F9475E23FA096F0084E6CF /* Main.storyboard in Resources */,
			);
			runOnlyForDeploymentPostprocessing = 0;
		};
		98F9476723FA09710084E6CF /* Resources */ = {
			isa = PBXResourcesBuildPhase;
			buildActionMask = 2147483647;
			files = (
			);
			runOnlyForDeploymentPostprocessing = 0;
		};
		98F9477223FA09710084E6CF /* Resources */ = {
			isa = PBXResourcesBuildPhase;
			buildActionMask = 2147483647;
			files = (
			);
			runOnlyForDeploymentPostprocessing = 0;
		};
/* End PBXResourcesBuildPhase section */

/* Begin PBXSourcesBuildPhase section */
		98F9475123FA096F0084E6CF /* Sources */ = {
			isa = PBXSourcesBuildPhase;
			buildActionMask = 2147483647;
			files = (
				98F9475B23FA096F0084E6CF /* ViewController.swift in Sources */,
				98F9475923FA096F0084E6CF /* AppDelegate.swift in Sources */,
			);
			runOnlyForDeploymentPostprocessing = 0;
		};
		98F9476523FA09710084E6CF /* Sources */ = {
			isa = PBXSourcesBuildPhase;
			buildActionMask = 2147483647;
			files = (
				98F9476E23FA09710084E6CF /* Flashcard2Tests.swift in Sources */,
			);
			runOnlyForDeploymentPostprocessing = 0;
		};
		98F9477023FA09710084E6CF /* Sources */ = {
			isa = PBXSourcesBuildPhase;
			buildActionMask = 2147483647;
			files = (
				98F9477923FA09710084E6CF /* Flashcard2UITests.swift in Sources */,
			);
			runOnlyForDeploymentPostprocessing = 0;
		};
/* End PBXSourcesBuildPhase section */

/* Begin PBXTargetDependency section */
		98F9476B23FA09710084E6CF /* PBXTargetDependency */ = {
			isa = PBXTargetDependency;
			target = 98F9475423FA096F0084E6CF /* Flashcard2 */;
			targetProxy = 98F9476A23FA09710084E6CF /* PBXContainerItemProxy */;
		};
		98F9477623FA09710084E6CF /* PBXTargetDependency */ = {
			isa = PBXTargetDependency;
			target = 98F9475423FA096F0084E6CF /* Flashcard2 */;
			targetProxy = 98F9477523FA09710084E6CF /* PBXContainerItemProxy */;
		};
/* End PBXTargetDependency section */

/* Begin PBXVariantGroup section */
		98F9475C23FA096F0084E6CF /* Main.storyboard */ = {
			isa = PBXVariantGroup;
			children = (
				98F9475D23FA096F0084E6CF /* Base */,
			);
			name = Main.storyboard;
			sourceTree = "<group>";
		};
		98F9476123FA09700084E6CF /* LaunchScreen.storyboard */ = {
			isa = PBXVariantGroup;
			children = (
				98F9476223FA09700084E6CF /* Base */,
			);
			name = LaunchScreen.storyboard;
			sourceTree = "<group>";
		};
/* End PBXVariantGroup section */

/* Begin XCBuildConfiguration section */
		98F9477B23FA09710084E6CF /* Debug */ = {
			isa = XCBuildConfiguration;
			buildSettings = {
				ALWAYS_SEARCH_USER_PATHS = NO;
				CLANG_ANALYZER_NONNULL = YES;
				CLANG_ANALYZER_NUMBER_OBJECT_CONVERSION = YES_AGGRESSIVE;
				CLANG_CXX_LANGUAGE_STANDARD = "gnu++14";
				CLANG_CXX_LIBRARY = "libc++";
				CLANG_ENABLE_MODULES = YES;
				CLANG_ENABLE_OBJC_ARC = YES;
				CLANG_ENABLE_OBJC_WEAK = YES;
				CLANG_WARN_BLOCK_CAPTURE_AUTORELEASING = YES;
				CLANG_WARN_BOOL_CONVERSION = YES;
				CLANG_WARN_COMMA = YES;
				CLANG_WARN_CONSTANT_CONVERSION = YES;
				CLANG_WARN_DEPRECATED_OBJC_IMPLEMENTATIONS = YES;
				CLANG_WARN_DIRECT_OBJC_ISA_USAGE = YES_ERROR;
				CLANG_WARN_DOCUMENTATION_COMMENTS = YES;
				CLANG_WARN_EMPTY_BODY = YES;
				CLANG_WARN_ENUM_CONVERSION = YES;
				CLANG_WARN_INFINITE_RECURSION = YES;
				CLANG_WARN_INT_CONVERSION = YES;
				CLANG_WARN_NON_LITERAL_NULL_CONVERSION = YES;
				CLANG_WARN_OBJC_IMPLICIT_RETAIN_SELF = YES;
				CLANG_WARN_OBJC_LITERAL_CONVERSION = YES;
				CLANG_WARN_OBJC_ROOT_CLASS = YES_ERROR;
				CLANG_WARN_RANGE_LOOP_ANALYSIS = YES;
				CLANG_WARN_STRICT_PROTOTYPES = YES;
				CLANG_WARN_SUSPICIOUS_MOVE = YES;
				CLANG_WARN_UNGUARDED_AVAILABILITY = YES_AGGRESSIVE;
				CLANG_WARN_UNREACHABLE_CODE = YES;
				CLANG_WARN__DUPLICATE_METHOD_MATCH = YES;
				CODE_SIGN_IDENTITY = "iPhone Developer";
				COPY_PHASE_STRIP = NO;
				DEBUG_INFORMATION_FORMAT = dwarf;
				ENABLE_STRICT_OBJC_MSGSEND = YES;
				ENABLE_TESTABILITY = YES;
				GCC_C_LANGUAGE_STANDARD = gnu11;
				GCC_DYNAMIC_NO_PIC = NO;
				GCC_NO_COMMON_BLOCKS = YES;
				GCC_OPTIMIZATION_LEVEL = 0;
				GCC_PREPROCESSOR_DEFINITIONS = (
					"DEBUG=1",
					"$(inherited)",
				);
				GCC_WARN_64_TO_32_BIT_CONVERSION = YES;
				GCC_WARN_ABOUT_RETURN_TYPE = YES_ERROR;
				GCC_WARN_UNDECLARED_SELECTOR = YES;
				GCC_WARN_UNINITIALIZED_AUTOS = YES_AGGRESSIVE;
				GCC_WARN_UNUSED_FUNCTION = YES;
				GCC_WARN_UNUSED_VARIABLE = YES;
				IPHONEOS_DEPLOYMENT_TARGET = 12.1;
				MTL_ENABLE_DEBUG_INFO = INCLUDE_SOURCE;
				MTL_FAST_MATH = YES;
				ONLY_ACTIVE_ARCH = YES;
				SDKROOT = iphoneos;
				SWIFT_ACTIVE_COMPILATION_CONDITIONS = DEBUG;
				SWIFT_OPTIMIZATION_LEVEL = "-Onone";
			};
			name = Debug;
		};
		98F9477C23FA09710084E6CF /* Release */ = {
			isa = XCBuildConfiguration;
			buildSettings = {
				ALWAYS_SEARCH_USER_PATHS = NO;
				CLANG_ANALYZER_NONNULL = YES;
				CLANG_ANALYZER_NUMBER_OBJECT_CONVERSION = YES_AGGRESSIVE;
				CLANG_CXX_LANGUAGE_STANDARD = "gnu++14";
				CLANG_CXX_LIBRARY = "libc++";
				CLANG_ENABLE_MODULES = YES;
				CLANG_ENABLE_OBJC_ARC = YES;
				CLANG_ENABLE_OBJC_WEAK = YES;
				CLANG_WARN_BLOCK_CAPTURE_AUTORELEASING = YES;
				CLANG_WARN_BOOL_CONVERSION = YES;
				CLANG_WARN_COMMA = YES;
				CLANG_WARN_CONSTANT_CONVERSION = YES;
				CLANG_WARN_DEPRECATED_OBJC_IMPLEMENTATIONS = YES;
				CLANG_WARN_DIRECT_OBJC_ISA_USAGE = YES_ERROR;
				CLANG_WARN_DOCUMENTATION_COMMENTS = YES;
				CLANG_WARN_EMPTY_BODY = YES;
				CLANG_WARN_ENUM_CONVERSION = YES;
				CLANG_WARN_INFINITE_RECURSION = YES;
				CLANG_WARN_INT_CONVERSION = YES;
				CLANG_WARN_NON_LITERAL_NULL_CONVERSION = YES;
				CLANG_WARN_OBJC_IMPLICIT_RETAIN_SELF = YES;
				CLANG_WARN_OBJC_LITERAL_CONVERSION = YES;
				CLANG_WARN_OBJC_ROOT_CLASS = YES_ERROR;
				CLANG_WARN_RANGE_LOOP_ANALYSIS = YES;
				CLANG_WARN_STRICT_PROTOTYPES = YES;
				CLANG_WARN_SUSPICIOUS_MOVE = YES;
				CLANG_WARN_UNGUARDED_AVAILABILITY = YES_AGGRESSIVE;
				CLANG_WARN_UNREACHABLE_CODE = YES;
				CLANG_WARN__DUPLICATE_METHOD_MATCH = YES;
				CODE_SIGN_IDENTITY = "iPhone Developer";
				COPY_PHASE_STRIP = NO;
				DEBUG_INFORMATION_FORMAT = "dwarf-with-dsym";
				ENABLE_NS_ASSERTIONS = NO;
				ENABLE_STRICT_OBJC_MSGSEND = YES;
				GCC_C_LANGUAGE_STANDARD = gnu11;
				GCC_NO_COMMON_BLOCKS = YES;
				GCC_WARN_64_TO_32_BIT_CONVERSION = YES;
				GCC_WARN_ABOUT_RETURN_TYPE = YES_ERROR;
				GCC_WARN_UNDECLARED_SELECTOR = YES;
				GCC_WARN_UNINITIALIZED_AUTOS = YES_AGGRESSIVE;
				GCC_WARN_UNUSED_FUNCTION = YES;
				GCC_WARN_UNUSED_VARIABLE = YES;
				IPHONEOS_DEPLOYMENT_TARGET = 12.1;
				MTL_ENABLE_DEBUG_INFO = NO;
				MTL_FAST_MATH = YES;
				SDKROOT = iphoneos;
				SWIFT_COMPILATION_MODE = wholemodule;
				SWIFT_OPTIMIZATION_LEVEL = "-O";
				VALIDATE_PRODUCT = YES;
			};
			name = Release;
		};
		98F9477E23FA09710084E6CF /* Debug */ = {
			isa = XCBuildConfiguration;
			buildSettings = {
				ASSETCATALOG_COMPILER_APPICON_NAME = AppIcon;
				CODE_SIGN_STYLE = Automatic;
				INFOPLIST_FILE = Flashcard2/Info.plist;
				LD_RUNPATH_SEARCH_PATHS = (
					"$(inherited)",
					"@executable_path/Frameworks",
				);
				PRODUCT_BUNDLE_IDENTIFIER = com.LoganGillespie.Flashcard2;
				PRODUCT_NAME = "$(TARGET_NAME)";
				SWIFT_VERSION = 4.2;
				TARGETED_DEVICE_FAMILY = "1,2";
			};
			name = Debug;
		};
		98F9477F23FA09710084E6CF /* Release */ = {
			isa = XCBuildConfiguration;
			buildSettings = {
				ASSETCATALOG_COMPILER_APPICON_NAME = AppIcon;
				CODE_SIGN_STYLE = Automatic;
				INFOPLIST_FILE = Flashcard2/Info.plist;
				LD_RUNPATH_SEARCH_PATHS = (
					"$(inherited)",
					"@executable_path/Frameworks",
				);
				PRODUCT_BUNDLE_IDENTIFIER = com.LoganGillespie.Flashcard2;
				PRODUCT_NAME = "$(TARGET_NAME)";
				SWIFT_VERSION = 4.2;
				TARGETED_DEVICE_FAMILY = "1,2";
			};
			name = Release;
		};
		98F9478123FA09710084E6CF /* Debug */ = {
			isa = XCBuildConfiguration;
			buildSettings = {
				ALWAYS_EMBED_SWIFT_STANDARD_LIBRARIES = YES;
				BUNDLE_LOADER = "$(TEST_HOST)";
				CODE_SIGN_STYLE = Automatic;
				INFOPLIST_FILE = Flashcard2Tests/Info.plist;
				LD_RUNPATH_SEARCH_PATHS = (
					"$(inherited)",
					"@executable_path/Frameworks",
					"@loader_path/Frameworks",
				);
				PRODUCT_BUNDLE_IDENTIFIER = com.LoganGillespie.Flashcard2Tests;
				PRODUCT_NAME = "$(TARGET_NAME)";
				SWIFT_VERSION = 4.2;
				TARGETED_DEVICE_FAMILY = "1,2";
				TEST_HOST = "$(BUILT_PRODUCTS_DIR)/Flashcard2.app/Flashcard2";
			};
			name = Debug;
		};
		98F9478223FA09710084E6CF /* Release */ = {
			isa = XCBuildConfiguration;
			buildSettings = {
				ALWAYS_EMBED_SWIFT_STANDARD_LIBRARIES = YES;
				BUNDLE_LOADER = "$(TEST_HOST)";
				CODE_SIGN_STYLE = Automatic;
				INFOPLIST_FILE = Flashcard2Tests/Info.plist;
				LD_RUNPATH_SEARCH_PATHS = (
					"$(inherited)",
					"@executable_path/Frameworks",
					"@loader_path/Frameworks",
				);
				PRODUCT_BUNDLE_IDENTIFIER = com.LoganGillespie.Flashcard2Tests;
				PRODUCT_NAME = "$(TARGET_NAME)";
				SWIFT_VERSION = 4.2;
				TARGETED_DEVICE_FAMILY = "1,2";
				TEST_HOST = "$(BUILT_PRODUCTS_DIR)/Flashcard2.app/Flashcard2";
			};
			name = Release;
		};
		98F9478423FA09710084E6CF /* Debug */ = {
			isa = XCBuildConfiguration;
			buildSettings = {
				ALWAYS_EMBED_SWIFT_STANDARD_LIBRARIES = YES;
				CODE_SIGN_STYLE = Automatic;
				INFOPLIST_FILE = Flashcard2UITests/Info.plist;
				LD_RUNPATH_SEARCH_PATHS = (
					"$(inherited)",
					"@executable_path/Frameworks",
					"@loader_path/Frameworks",
				);
				PRODUCT_BUNDLE_IDENTIFIER = com.LoganGillespie.Flashcard2UITests;
				PRODUCT_NAME = "$(TARGET_NAME)";
				SWIFT_VERSION = 4.2;
				TARGETED_DEVICE_FAMILY = "1,2";
				TEST_TARGET_NAME = Flashcard2;
			};
			name = Debug;
		};
		98F9478523FA09710084E6CF /* Release */ = {
			isa = XCBuildConfiguration;
			buildSettings = {
				ALWAYS_EMBED_SWIFT_STANDARD_LIBRARIES = YES;
				CODE_SIGN_STYLE = Automatic;
				INFOPLIST_FILE = Flashcard2UITests/Info.plist;
				LD_RUNPATH_SEARCH_PATHS = (
					"$(inherited)",
					"@executable_path/Frameworks",
					"@loader_path/Frameworks",
				);
				PRODUCT_BUNDLE_IDENTIFIER = com.LoganGillespie.Flashcard2UITests;
				PRODUCT_NAME = "$(TARGET_NAME)";
				SWIFT_VERSION = 4.2;
				TARGETED_DEVICE_FAMILY = "1,2";
				TEST_TARGET_NAME = Flashcard2;
			};
			name = Release;
		};
/* End XCBuildConfiguration section */

/* Begin XCConfigurationList section */
		98F9475023FA096F0084E6CF /* Build configuration list for PBXProject "Flashcard2" */ = {
			isa = XCConfigurationList;
			buildConfigurations = (
				98F9477B23FA09710084E6CF /* Debug */,
				98F9477C23FA09710084E6CF /* Release */,
			);
			defaultConfigurationIsVisible = 0;
			defaultConfigurationName = Release;
		};
		98F9477D23FA09710084E6CF /* Build configuration list for PBXNativeTarget "Flashcard2" */ = {
			isa = XCConfigurationList;
			buildConfigurations = (
				98F9477E23FA09710084E6CF /* Debug */,
				98F9477F23FA09710084E6CF /* Release */,
			);
			defaultConfigurationIsVisible = 0;
			defaultConfigurationName = Release;
		};
		98F9478023FA09710084E6CF /* Build configuration list for PBXNativeTarget "Flashcard2Tests" */ = {
			isa = XCConfigurationList;
			buildConfigurations = (
				98F9478123FA09710084E6CF /* Debug */,
				98F9478223FA09710084E6CF /* Release */,
			);
			defaultConfigurationIsVisible = 0;
			defaultConfigurationName = Release;
		};
		98F9478323FA09710084E6CF /* Build configuration list for PBXNativeTarget "Flashcard2UITests" */ = {
			isa = XCConfigurationList;
			buildConfigurations = (
				98F9478423FA09710084E6CF /* Debug */,
				98F9478523FA09710084E6CF /* Release */,
			);
			defaultConfigurationIsVisible = 0;
			defaultConfigurationName = Release;
		};
/* End XCConfigurationList section */
	};
	rootObject = 98F9474D23FA096F0084E6CF /* Project object */;
}
